
Microsoft Visual Studio Solution File, Format Version 12.00
# Visual Studio 15
Project("{FAE04EC0-301F-11D3-BF4B-00C04F79EFBC}") = "Hacker Elite", "Assembly-CSharp.csproj", "{C331F930-20B1-1ABE-CFCF-7B3FA86E94F0}"
EndProject
Global
	GlobalSection(SolutionConfigurationPlatforms) = preSolution
		Debug|Any CPU = Debug|Any CPU
		Release|Any CPU = Release|Any CPU
	EndGlobalSection
	GlobalSection(ProjectConfigurationPlatforms) = postSolution
		{C331F930-20B1-1ABE-CFCF-7B3FA86E94F0}.Debug|Any CPU.ActiveCfg = Debug|Any CPU
		{C331F930-20B1-1ABE-CFCF-7B3FA86E94F0}.Debug|Any CPU.Build.0 = Debug|Any CPU
		{C331F930-20B1-1ABE-CFCF-7B3FA86E94F0}.Release|Any CPU.ActiveCfg = Release|Any CPU
		{C331F930-20B1-1ABE-CFCF-7B3FA86E94F0}.Release|Any CPU.Build.0 = Release|Any CPU
	EndGlobalSection
	GlobalSection(SolutionProperties) = preSolution
		HideSolutionNode = FALSE
	EndGlobalSection
EndGlobal
